
Microsoft Visual Studio Solution File, Format Version 12.00
# Visual Studio Version 17
VisualStudioVersion = 17.11.35327.3
MinimumVisualStudioVersion = 10.0.40219.1
Project("{FAE04EC0-301F-11D3-BF4B-00C04F79EFBC}") = "AddressBookApplication", "AddressBookApplication\AddressBookApplication.csproj", "{34823C25-01FF-4B69-9365-2A5F6F45B43C}"
EndProject
Project("{FAE04EC0-301F-11D3-BF4B-00C04F79EFBC}") = "BusinessLayer", "BusinessLayer\BusinessLayer.csproj", "{279946C9-F366-403E-BFF7-7522A2C21A41}"
EndProject
Project("{FAE04EC0-301F-11D3-BF4B-00C04F79EFBC}") = "RepositoryLayer", "RepositoryLayer\RepositoryLayer.csproj", "{B63C6770-82E8-469E-ACD1-4335BDCB7CFE}"
EndProject
Global
	GlobalSection(SolutionConfigurationPlatforms) = preSolution
		Debug|Any CPU = Debug|Any CPU
		Release|Any CPU = Release|Any CPU
	EndGlobalSection
	GlobalSection(ProjectConfigurationPlatforms) = postSolution
		{34823C25-01FF-4B69-9365-2A5F6F45B43C}.Debug|Any CPU.ActiveCfg = Debug|Any CPU
		{34823C25-01FF-4B69-9365-2A5F6F45B43C}.Debug|Any CPU.Build.0 = Debug|Any CPU
		{34823C25-01FF-4B69-9365-2A5F6F45B43C}.Release|Any CPU.ActiveCfg = Release|Any CPU
		{34823C25-01FF-4B69-9365-2A5F6F45B43C}.Release|Any CPU.Build.0 = Release|Any CPU
		{279946C9-F366-403E-BFF7-7522A2C21A41}.Debug|Any CPU.ActiveCfg = Debug|Any CPU
		{279946C9-F366-403E-BFF7-7522A2C21A41}.Debug|Any CPU.Build.0 = Debug|Any CPU
		{279946C9-F366-403E-BFF7-7522A2C21A41}.Release|Any CPU.ActiveCfg = Release|Any CPU
		{279946C9-F366-403E-BFF7-7522A2C21A41}.Release|Any CPU.Build.0 = Release|Any CPU
		{B63C6770-82E8-469E-ACD1-4335BDCB7CFE}.Debug|Any CPU.ActiveCfg = Debug|Any CPU
		{B63C6770-82E8-469E-ACD1-4335BDCB7CFE}.Debug|Any CPU.Build.0 = Debug|Any CPU
		{B63C6770-82E8-469E-ACD1-4335BDCB7CFE}.Release|Any CPU.ActiveCfg = Release|Any CPU
		{B63C6770-82E8-469E-ACD1-4335BDCB7CFE}.Release|Any CPU.Build.0 = Release|Any CPU
	EndGlobalSection
	GlobalSection(SolutionProperties) = preSolution
		HideSolutionNode = FALSE
	EndGlobalSection
	GlobalSection(ExtensibilityGlobals) = postSolution
		SolutionGuid = {4776E325-7E65-4F7E-AD5E-CFDCE9D0C8E7}
	EndGlobalSection
EndGlobal
